
Microsoft Visual Studio Solution File, Format Version 12.00
Project("{FAE04EC0-301F-11D3-BF4B-00C04F79EFBC}") = "SOFTURE.Fakturownia", "SOFTURE.Fakturownia\SOFTURE.Fakturownia.csproj", "{C3EB9CB0-978B-494D-A5A3-3B88E088E09B}"
EndProject
Project("{FAE04EC0-301F-11D3-BF4B-00C04F79EFBC}") = "SOFTURE.Fakturownia.Playground", "SOFTURE.Fakturownia.Playground\SOFTURE.Fakturownia.Playground.csproj", "{4A746910-CEEC-461E-88B5-439D16D2ADE1}"
EndProject
Global
	GlobalSection(SolutionConfigurationPlatforms) = preSolution
		Debug|Any CPU = Debug|Any CPU
		Release|Any CPU = Release|Any CPU
	EndGlobalSection
	GlobalSection(ProjectConfigurationPlatforms) = postSolution
		{C3EB9CB0-978B-494D-A5A3-3B88E088E09B}.Debug|Any CPU.ActiveCfg = Debug|Any CPU
		{C3EB9CB0-978B-494D-A5A3-3B88E088E09B}.Debug|Any CPU.Build.0 = Debug|Any CPU
		{C3EB9CB0-978B-494D-A5A3-3B88E088E09B}.Release|Any CPU.ActiveCfg = Release|Any CPU
		{C3EB9CB0-978B-494D-A5A3-3B88E088E09B}.Release|Any CPU.Build.0 = Release|Any CPU
		{4A746910-CEEC-461E-88B5-439D16D2ADE1}.Debug|Any CPU.ActiveCfg = Debug|Any CPU
		{4A746910-CEEC-461E-88B5-439D16D2ADE1}.Debug|Any CPU.Build.0 = Debug|Any CPU
		{4A746910-CEEC-461E-88B5-439D16D2ADE1}.Release|Any CPU.ActiveCfg = Release|Any CPU
		{4A746910-CEEC-461E-88B5-439D16D2ADE1}.Release|Any CPU.Build.0 = Release|Any CPU
	EndGlobalSection
EndGlobal
